PODS:
  - Flutter (1.0.0)
  - flutter_apns_tool (0.0.1):
    - Flutter

DEPENDENCIES:
  - Flutter (from `.symlinks/flutter/ios`)
  - flutter_apns_tool (from `.symlinks/plugins/flutter_apns_tool/ios`)

EXTERNAL SOURCES:
  Flutter:
    :path: ".symlinks/flutter/ios"
  flutter_apns_tool:
    :path: ".symlinks/plugins/flutter_apns_tool/ios"

SPEC CHECKSUMS:
  Flutter: 58dd7d1b27887414a370fcccb9e645c08ffd7a6a
  flutter_apns_tool: 3a9ac7ad4344fa14b8e82da001c1188ed373adb9

PODFILE CHECKSUM: ebd43b443038e611b86ede96e613bd6033c49497

COCOAPODS: 1.6.1
